{
  "name": "whoisens-lib",
  "version": "0.0.7",
  "lockfileVersion": 1,
  "requires": true,
  "dependencies": {
    "@types/events": {
      "version": "3.0.0",
      "resolved": "https://registry.npmjs.org/@types/events/-/events-3.0.0.tgz",
      "integrity": "sha512-EaObqwIvayI5a8dCzhFrjKzVwKLxjoG9T6Ppd5CEo07LRKfQ8Yokw54r5+Wq7FaBQ+yXRvQAYPrHwya1/UFt9g==",
      "dev": true
    },
    "@types/fs-extra": {
      "version": "5.1.0",
      "resolved": "https://registry.npmjs.org/@types/fs-extra/-/fs-extra-5.1.0.tgz",
      "integrity": "sha512-AInn5+UBFIK9FK5xc9yP5e3TQSPNNgjHByqYcj9g5elVBnDQcQL7PlO1CIRy2gWlbwK7UPYqi7vRvFA44dCmYQ==",
      "dev": true,
      "requires": {
        "@types/node": "*"
      }
    },
    "@types/glob": {
      "version": "7.1.1",
      "resolved": "https://registry.npmjs.org/@types/glob/-/glob-7.1.1.tgz",
      "integrity": "sha512-1Bh06cbWJUHMC97acuD6UMG29nMt0Aqz1vF3guLfG+kHHJhy3AyohZFFxYk2f7Q1SQIrNwvncxAE0N/9s70F2w==",
      "dev": true,
      "requires": {
        "@types/events": "*",
        "@types/minimatch": "*",
        "@types/node": "*"
      }
    },
    "@types/handlebars": {
      "version": "4.1.0",
      "resolved": "https://registry.npmjs.org/@types/handlebars/-/handlebars-4.1.0.tgz",
      "integrity": "sha512-gq9YweFKNNB1uFK71eRqsd4niVkXrxHugqWFQkeLRJvGjnxsLr16bYtcsG4tOFwmYi0Bax+wCkbf1reUfdl4kA==",
      "dev": true,
      "requires": {
        "handlebars": "*"
      }
    },
    "@types/highlight.js": {
      "version": "9.12.3",
      "resolved": "https://registry.npmjs.org/@types/highlight.js/-/highlight.js-9.12.3.tgz",
      "integrity": "sha512-pGF/zvYOACZ/gLGWdQH8zSwteQS1epp68yRcVLJMgUck/MjEn/FBYmPub9pXT8C1e4a8YZfHo1CKyV8q1vKUnQ==",
      "dev": true
    },
    "@types/lodash": {
      "version": "4.14.129",
      "resolved": "https://registry.npmjs.org/@types/lodash/-/lodash-4.14.129.tgz",
      "integrity": "sha512-oYaV0eSlnOacOr7i4X1FFdH8ttSlb57gu3I9MuStIv2CYkISEY84dNHYsC3bF6sNH7qYcu1BtVrCtQ8Q4KPTfQ==",
      "dev": true
    },
    "@types/marked": {
      "version": "0.4.2",
      "resolved": "https://registry.npmjs.org/@types/marked/-/marked-0.4.2.tgz",
      "integrity": "sha512-cDB930/7MbzaGF6U3IwSQp6XBru8xWajF5PV2YZZeV8DyiliTuld11afVztGI9+yJZ29il5E+NpGA6ooV/Cjkg==",
      "dev": true
    },
    "@types/minimatch": {
      "version": "3.0.3",
      "resolved": "https://registry.npmjs.org/@types/minimatch/-/minimatch-3.0.3.tgz",
      "integrity": "sha512-tHq6qdbT9U1IRSGf14CL0pUlULksvY9OZ+5eEgl1N7t+OA3tGvNpxJCzuKQlsNgCVwbAs670L1vcVQi8j9HjnA==",
      "dev": true
    },
    "@types/node": {
      "version": "12.0.2",
      "resolved": "https://registry.npmjs.org/@types/node/-/node-12.0.2.tgz",
      "integrity": "sha512-5tabW/i+9mhrfEOUcLDu2xBPsHJ+X5Orqy9FKpale3SjDA17j5AEpYq5vfy3oAeAHGcvANRCO3NV3d2D6q3NiA=="
    },
    "@types/shelljs": {
      "version": "0.8.5",
      "resolved": "https://registry.npmjs.org/@types/shelljs/-/shelljs-0.8.5.tgz",
      "integrity": "sha512-bZgjwIWu9gHCjirKJoOlLzGi5N0QgZ5t7EXEuoqyWCHTuSddURXo3FOBYDyRPNOWzZ6NbkLvZnVkn483Y/tvcQ==",
      "dev": true,
      "requires": {
        "@types/glob": "*",
        "@types/node": "*"
      }
    },
    "balanced-match": {
      "version": "1.0.0",
      "resolved": "https://registry.npmjs.org/balanced-match/-/balanced-match-1.0.0.tgz",
      "integrity": "sha1-ibTRmasr7kneFk6gK4nORi1xt2c=",
      "dev": true
    },
    "base-x": {
      "version": "3.0.4",
      "resolved": "https://registry.npmjs.org/base-x/-/base-x-3.0.4.tgz",
      "integrity": "sha512-UYOadoSIkEI/VrRGSG6qp93rp2WdokiAiNYDfGW5qURAY8GiAQkvMbwNNSDYiVJopqv4gCna7xqf4rrNGp+5AA==",
      "requires": {
        "safe-buffer": "^5.0.1"
      }
    },
    "brace-expansion": {
      "version": "1.1.11",
      "resolved": "https://registry.npmjs.org/brace-expansion/-/brace-expansion-1.1.11.tgz",
      "integrity": "sha512-iCuPHDFgrHX7H2vEI/5xpz07zSHB00TpugqhmYtVmMO6518mCuRMoOYFldEBl0g187ufozdaHgWKcYFb61qGiA==",
      "dev": true,
      "requires": {
        "balanced-match": "^1.0.0",
        "concat-map": "0.0.1"
      }
    },
    "bs58": {
      "version": "4.0.1",
      "resolved": "https://registry.npmjs.org/bs58/-/bs58-4.0.1.tgz",
      "integrity": "sha1-vhYedsNU9veIrkBx9j806MTwpCo=",
      "requires": {
        "base-x": "^3.0.2"
      }
    },
    "cids": {
      "version": "0.6.0",
      "resolved": "https://registry.npmjs.org/cids/-/cids-0.6.0.tgz",
      "integrity": "sha512-34wuIeiBZOuvBwUuYR4XooVuXUQI2PYU9VmgM2eB3xkSmQYRlv2kh/dIbmGiLY2GuONlGR3lLtYdVkx1G9yXUg==",
      "requires": {
        "class-is": "^1.1.0",
        "multibase": "~0.6.0",
        "multicodec": "~0.5.0",
        "multihashes": "~0.4.14"
      }
    },
    "class-is": {
      "version": "1.1.0",
      "resolved": "https://registry.npmjs.org/class-is/-/class-is-1.1.0.tgz",
      "integrity": "sha512-rhjH9AG1fvabIDoGRVH587413LPjTZgmDF9fOFCbFJQV4yuocX1mHxxvXI4g3cGwbVY9wAYIoKlg1N79frJKQw=="
    },
    "commander": {
      "version": "2.20.0",
      "resolved": "https://registry.npmjs.org/commander/-/commander-2.20.0.tgz",
      "integrity": "sha512-7j2y+40w61zy6YC2iRNpUe/NwhNyoXrYpHMrSunaMG64nRnaf96zO/KMQR4OyN/UnE5KLyEBnKHd4aG3rskjpQ==",
      "dev": true,
      "optional": true
    },
    "concat-map": {
      "version": "0.0.1",
      "resolved": "https://registry.npmjs.org/concat-map/-/concat-map-0.0.1.tgz",
      "integrity": "sha1-2Klr13/Wjfd5OnMDajug1UBdR3s=",
      "dev": true
    },
    "content-hash": {
      "version": "2.3.2",
      "resolved": "https://registry.npmjs.org/content-hash/-/content-hash-2.3.2.tgz",
      "integrity": "sha512-pYnifr/Cjw3phVr4BVgJo0l5reBmteyxrco9bPe3CDZ/jlAWF781oHcn3qpWJIe5d/4SRc0Sz9My3usECWT2gA==",
      "requires": {
        "cids": "^0.6.0",
        "multicodec": "^0.5.1",
        "multihashes": "^0.4.14"
      }
    },
    "eth-ens-namehash": {
      "version": "2.0.8",
      "resolved": "https://registry.npmjs.org/eth-ens-namehash/-/eth-ens-namehash-2.0.8.tgz",
      "integrity": "sha1-IprEbsqG1S4MmR58sq74P/D2i88=",
      "requires": {
        "idna-uts46-hx": "^2.3.1",
        "js-sha3": "^0.5.7"
      },
      "dependencies": {
        "js-sha3": {
          "version": "0.5.7",
          "resolved": "https://registry.npmjs.org/js-sha3/-/js-sha3-0.5.7.tgz",
          "integrity": "sha1-DU/9gALVMzqrr0oj7tL2N0yfKOc="
        }
      }
    },
    "fs-extra": {
      "version": "7.0.1",
      "resolved": "https://registry.npmjs.org/fs-extra/-/fs-extra-7.0.1.tgz",
      "integrity": "sha512-YJDaCJZEnBmcbw13fvdAM9AwNOJwOzrE4pqMqBq5nFiEqXUqHwlK4B+3pUw6JNvfSPtX05xFHtYy/1ni01eGCw==",
      "dev": true,
      "requires": {
        "graceful-fs": "^4.1.2",
        "jsonfile": "^4.0.0",
        "universalify": "^0.1.0"
      }
    },
    "fs.realpath": {
      "version": "1.0.0",
      "resolved": "https://registry.npmjs.org/fs.realpath/-/fs.realpath-1.0.0.tgz",
      "integrity": "sha1-FQStJSMVjKpA20onh8sBQRmU6k8=",
      "dev": true
    },
    "glob": {
      "version": "7.1.4",
      "resolved": "https://registry.npmjs.org/glob/-/glob-7.1.4.tgz",
      "integrity": "sha512-hkLPepehmnKk41pUGm3sYxoFs/umurYfYJCerbXEyFIWcAzvpipAgVkBqqT9RBKMGjnq6kMuyYwha6csxbiM1A==",
      "dev": true,
      "requires": {
        "fs.realpath": "^1.0.0",
        "inflight": "^1.0.4",
        "inherits": "2",
        "minimatch": "^3.0.4",
        "once": "^1.3.0",
        "path-is-absolute": "^1.0.0"
      },
      "dependencies": {
        "minimatch": {
          "version": "3.0.4",
          "resolved": "https://registry.npmjs.org/minimatch/-/minimatch-3.0.4.tgz",
          "integrity": "sha512-yJHVQEhyqPLUTgt9B83PXu6W3rx4MvvHvSUvToogpwoGDOUQ+yDrR0HRot+yOCdCO7u4hX3pWft6kWBBcqh0UA==",
          "dev": true,
          "requires": {
            "brace-expansion": "^1.1.7"
          }
        }
      }
    },
    "graceful-fs": {
      "version": "4.1.15",
      "resolved": "https://registry.npmjs.org/graceful-fs/-/graceful-fs-4.1.15.tgz",
      "integrity": "sha512-6uHUhOPEBgQ24HM+r6b/QwWfZq+yiFcipKFrOFiBEnWdy5sdzYoi+pJeQaPI5qOLRFqWmAXUPQNsielzdLoecA==",
      "dev": true
    },
    "handlebars": {
      "version": "4.1.2",
      "resolved": "https://registry.npmjs.org/handlebars/-/handlebars-4.1.2.tgz",
      "integrity": "sha512-nvfrjqvt9xQ8Z/w0ijewdD/vvWDTOweBUm96NTr66Wfvo1mJenBLwcYmPs3TIBP5ruzYGD7Hx/DaM9RmhroGPw==",
      "dev": true,
      "requires": {
        "neo-async": "^2.6.0",
        "optimist": "^0.6.1",
        "source-map": "^0.6.1",
        "uglify-js": "^3.1.4"
      },
      "dependencies": {
        "optimist": {
          "version": "0.6.1",
          "resolved": "https://registry.npmjs.org/optimist/-/optimist-0.6.1.tgz",
          "integrity": "sha1-2j6nRob6IaGaERwybpDrFaAZZoY=",
          "dev": true,
          "requires": {
            "minimist": "~0.0.1",
            "wordwrap": "~0.0.2"
          }
        }
      }
    },
    "highlight.js": {
      "version": "9.15.6",
      "resolved": "https://registry.npmjs.org/highlight.js/-/highlight.js-9.15.6.tgz",
      "integrity": "sha512-zozTAWM1D6sozHo8kqhfYgsac+B+q0PmsjXeyDrYIHHcBN0zTVT66+s2GW1GZv7DbyaROdLXKdabwS/WqPyIdQ==",
      "dev": true
    },
    "idna-uts46-hx": {
      "version": "2.3.1",
      "resolved": "https://registry.npmjs.org/idna-uts46-hx/-/idna-uts46-hx-2.3.1.tgz",
      "integrity": "sha512-PWoF9Keq6laYdIRwwCdhTPl60xRqAloYNMQLiyUnG42VjT53oW07BXIRM+NK7eQjzXjAk2gUvX9caRxlnF9TAA==",
      "requires": {
        "punycode": "2.1.0"
      }
    },
    "inflight": {
      "version": "1.0.6",
      "resolved": "https://registry.npmjs.org/inflight/-/inflight-1.0.6.tgz",
      "integrity": "sha1-Sb1jMdfQLQwJvJEKEHW6gWW1bfk=",
      "dev": true,
      "requires": {
        "once": "^1.3.0",
        "wrappy": "1"
      }
    },
    "inherits": {
      "version": "2.0.3",
      "resolved": "https://registry.npmjs.org/inherits/-/inherits-2.0.3.tgz",
      "integrity": "sha1-Yzwsg+PaQqUC9SRmAiSA9CCCYd4=",
      "dev": true
    },
    "interpret": {
      "version": "1.2.0",
      "resolved": "https://registry.npmjs.org/interpret/-/interpret-1.2.0.tgz",
      "integrity": "sha512-mT34yGKMNceBQUoVn7iCDKDntA7SC6gycMAWzGx1z/CMCTV7b2AAtXlo3nRyHZ1FelRkQbQjprHSYGwzLtkVbw==",
      "dev": true
    },
    "js-sha3": {
      "version": "0.8.0",
      "resolved": "https://registry.npmjs.org/js-sha3/-/js-sha3-0.8.0.tgz",
      "integrity": "sha512-gF1cRrHhIzNfToc802P800N8PpXS+evLLXfsVpowqmAFR9uwbi89WvXg2QspOmXL8QL86J4T1EpFu+yUkwJY3Q=="
    },
    "jsonfile": {
      "version": "4.0.0",
      "resolved": "https://registry.npmjs.org/jsonfile/-/jsonfile-4.0.0.tgz",
      "integrity": "sha1-h3Gq4HmbZAdrdmQPygWPnBDjPss=",
      "dev": true,
      "requires": {
        "graceful-fs": "^4.1.6"
      }
    },
    "lodash": {
      "version": "4.17.11",
      "resolved": "https://registry.npmjs.org/lodash/-/lodash-4.17.11.tgz",
      "integrity": "sha512-cQKh8igo5QUhZ7lg38DYWAxMvjSAKG0A8wGSVimP07SIUEK2UO+arSRKbRZWtelMtN5V0Hkwh5ryOto/SshYIg==",
      "dev": true
    },
    "minimist": {
      "version": "0.0.10",
      "resolved": "https://registry.npmjs.org/minimist/-/minimist-0.0.10.tgz",
      "integrity": "sha1-3j+YVD2/lggr5IrRoMfNqDYwHc8=",
      "dev": true
    },
    "multibase": {
      "version": "0.6.0",
      "resolved": "https://registry.npmjs.org/multibase/-/multibase-0.6.0.tgz",
      "integrity": "sha512-R9bNLQhbD7MsitPm1NeY7w9sDgu6d7cuj25snAWH7k5PSNPSwIQQBpcpj8jx1W96dLbdigZqmUWOdQRMnAmgjA==",
      "requires": {
        "base-x": "3.0.4"
      }
    },
    "multicodec": {
      "version": "0.5.1",
      "resolved": "https://registry.npmjs.org/multicodec/-/multicodec-0.5.1.tgz",
      "integrity": "sha512-Q5glyZLdXVbbBxvRYHLQHpu8ydVf1422Z+v9fU47v2JCkiue7n+JcFS7uRv0cQW8hbVtgdtIDgYWPWaIKEXuXA==",
      "requires": {
        "varint": "^5.0.0"
      }
    },
    "multihashes": {
      "version": "0.4.14",
      "resolved": "https://registry.npmjs.org/multihashes/-/multihashes-0.4.14.tgz",
      "integrity": "sha512-V/g/EIN6nALXfS/xHUAgtfPP3mn3sPIF/i9beuGKf25QXS2QZYCpeVJbDPEannkz32B2fihzCe2D/KMrbcmefg==",
      "requires": {
        "bs58": "^4.0.1",
        "varint": "^5.0.0"
      }
    },
    "neo-async": {
      "version": "2.6.1",
      "resolved": "https://registry.npmjs.org/neo-async/-/neo-async-2.6.1.tgz",
      "integrity": "sha512-iyam8fBuCUpWeKPGpaNMetEocMt364qkCsfL9JuhjXX6dRnguRVOfk2GZaDpPjcOKiiXCPINZC1GczQ7iTq3Zw==",
      "dev": true
    },
    "once": {
      "version": "1.4.0",
      "resolved": "https://registry.npmjs.org/once/-/once-1.4.0.tgz",
      "integrity": "sha1-WDsap3WWHUsROsF9nFC6753Xa9E=",
      "dev": true,
      "requires": {
        "wrappy": "1"
      }
    },
    "path-is-absolute": {
      "version": "1.0.1",
      "resolved": "https://registry.npmjs.org/path-is-absolute/-/path-is-absolute-1.0.1.tgz",
      "integrity": "sha1-F0uSaHNVNP+8es5r9TpanhtcX18=",
      "dev": true
    },
    "path-parse": {
      "version": "1.0.6",
      "resolved": "https://registry.npmjs.org/path-parse/-/path-parse-1.0.6.tgz",
      "integrity": "sha512-GSmOT2EbHrINBf9SR7CDELwlJ8AENk3Qn7OikK4nFYAu3Ote2+JYNVvkpAEQm3/TLNEJFD/xZJjzyxg3KBWOzw==",
      "dev": true
    },
    "progress": {
      "version": "2.0.3",
      "resolved": "https://registry.npmjs.org/progress/-/progress-2.0.3.tgz",
      "integrity": "sha512-7PiHtLll5LdnKIMw100I+8xJXR5gW2QwWYkT6iJva0bXitZKa/XMrSbdmg3r2Xnaidz9Qumd0VPaMrZlF9V9sA==",
      "dev": true
    },
    "punycode": {
      "version": "2.1.0",
      "resolved": "https://registry.npmjs.org/punycode/-/punycode-2.1.0.tgz",
      "integrity": "sha1-X4Y+3Im5bbCQdLrXlHvwkFbKTn0="
    },
    "rechoir": {
      "version": "0.6.2",
      "resolved": "https://registry.npmjs.org/rechoir/-/rechoir-0.6.2.tgz",
      "integrity": "sha1-hSBLVNuoLVdC4oyWdW70OvUOM4Q=",
      "dev": true,
      "requires": {
        "resolve": "^1.1.6"
      }
    },
    "resolve": {
      "version": "1.11.0",
      "resolved": "https://registry.npmjs.org/resolve/-/resolve-1.11.0.tgz",
      "integrity": "sha512-WL2pBDjqT6pGUNSUzMw00o4T7If+z4H2x3Gz893WoUQ5KW8Vr9txp00ykiP16VBaZF5+j/OcXJHZ9+PCvdiDKw==",
      "dev": true,
      "requires": {
        "path-parse": "^1.0.6"
      }
    },
    "safe-buffer": {
      "version": "5.1.2",
      "resolved": "https://registry.npmjs.org/safe-buffer/-/safe-buffer-5.1.2.tgz",
      "integrity": "sha512-Gd2UZBJDkXlY7GbJxfsE8/nvKkUEU1G38c1siN6QP6a9PT9MmHB8GnpscSmMJSoF8LOIrt8ud/wPtojys4G6+g=="
    },
    "shelljs": {
      "version": "0.8.3",
      "resolved": "https://registry.npmjs.org/shelljs/-/shelljs-0.8.3.tgz",
      "integrity": "sha512-fc0BKlAWiLpwZljmOvAOTE/gXawtCoNrP5oaY7KIaQbbyHeQVg01pSEuEGvGh3HEdBU4baCD7wQBwADmM/7f7A==",
      "dev": true,
      "requires": {
        "glob": "^7.0.0",
        "interpret": "^1.0.0",
        "rechoir": "^0.6.2"
      }
    },
    "source-map": {
      "version": "0.6.1",
      "resolved": "https://registry.npmjs.org/source-map/-/source-map-0.6.1.tgz",
      "integrity": "sha512-UjgapumWlbMhkBgzT7Ykc5YXUT46F0iKu8SGXq0bcwP5dz/h0Plj6enJqjz1Zbq2l5WaqYnrVbwWOWMyF3F47g==",
      "dev": true
    },
    "typedoc": {
      "version": "0.14.2",
      "resolved": "https://registry.npmjs.org/typedoc/-/typedoc-0.14.2.tgz",
      "integrity": "sha512-aEbgJXV8/KqaVhcedT7xG6d2r+mOvB5ep3eIz1KuB5sc4fDYXcepEEMdU7XSqLFO5hVPu0nllHi1QxX2h/QlpQ==",
      "dev": true,
      "requires": {
        "@types/fs-extra": "^5.0.3",
        "@types/handlebars": "^4.0.38",
        "@types/highlight.js": "^9.12.3",
        "@types/lodash": "^4.14.110",
        "@types/marked": "^0.4.0",
        "@types/minimatch": "3.0.3",
        "@types/shelljs": "^0.8.0",
        "fs-extra": "^7.0.0",
        "handlebars": "^4.0.6",
        "highlight.js": "^9.13.1",
        "lodash": "^4.17.10",
        "marked": "^0.4.0",
        "minimatch": "^3.0.0",
        "progress": "^2.0.0",
        "shelljs": "^0.8.2",
        "typedoc-default-themes": "^0.5.0",
        "typescript": "3.2.x"
      },
      "dependencies": {
        "marked": {
          "version": "0.4.0",
          "resolved": "https://registry.npmjs.org/marked/-/marked-0.4.0.tgz",
          "integrity": "sha512-tMsdNBgOsrUophCAFQl0XPe6Zqk/uy9gnue+jIIKhykO51hxyu6uNx7zBPy0+y/WKYVZZMspV9YeXLNdKk+iYw==",
          "dev": true
        },
        "minimatch": {
          "version": "3.0.4",
          "resolved": "https://registry.npmjs.org/minimatch/-/minimatch-3.0.4.tgz",
          "integrity": "sha512-yJHVQEhyqPLUTgt9B83PXu6W3rx4MvvHvSUvToogpwoGDOUQ+yDrR0HRot+yOCdCO7u4hX3pWft6kWBBcqh0UA==",
          "dev": true,
          "requires": {
            "brace-expansion": "^1.1.7"
          }
        },
        "typescript": {
          "version": "3.2.4",
          "resolved": "https://registry.npmjs.org/typescript/-/typescript-3.2.4.tgz",
          "integrity": "sha512-0RNDbSdEokBeEAkgNbxJ+BLwSManFy9TeXz8uW+48j/xhEXv1ePME60olyzw2XzUqUBNAYFeJadIqAgNqIACwg==",
          "dev": true
        }
      }
    },
    "typedoc-default-themes": {
      "version": "0.5.0",
      "resolved": "https://registry.npmjs.org/typedoc-default-themes/-/typedoc-default-themes-0.5.0.tgz",
      "integrity": "sha1-bcJDPnjti+qOiHo6zeLzF4W9Yic=",
      "dev": true
    },
    "typescript": {
      "version": "3.4.5",
      "resolved": "https://registry.npmjs.org/typescript/-/typescript-3.4.5.tgz",
      "integrity": "sha512-YycBxUb49UUhdNMU5aJ7z5Ej2XGmaIBL0x34vZ82fn3hGvD+bgrMrVDpatgz2f7YxUMJxMkbWxJZeAvDxVe7Vw==",
      "dev": true
    },
    "uglify-js": {
      "version": "3.5.12",
      "resolved": "https://registry.npmjs.org/uglify-js/-/uglify-js-3.5.12.tgz",
      "integrity": "sha512-KeQesOpPiZNgVwJj8Ge3P4JYbQHUdZzpx6Fahy6eKAYRSV4zhVmLXoC+JtOeYxcHCHTve8RG1ZGdTvpeOUM26Q==",
      "dev": true,
      "optional": true,
      "requires": {
        "commander": "~2.20.0",
        "source-map": "~0.6.1"
      }
    },
    "universalify": {
      "version": "0.1.2",
      "resolved": "https://registry.npmjs.org/universalify/-/universalify-0.1.2.tgz",
      "integrity": "sha512-rBJeI5CXAlmy1pV+617WB9J63U6XcazHHF2f2dbJix4XzpUF0RS3Zbj0FGIOCAva5P/d/GBOYaACQ1w+0azUkg==",
      "dev": true
    },
    "varint": {
      "version": "5.0.0",
      "resolved": "https://registry.npmjs.org/varint/-/varint-5.0.0.tgz",
      "integrity": "sha1-2Ca4n3SQcy+rwMDtaT7Uddyynr8="
    },
    "wordwrap": {
      "version": "0.0.3",
      "resolved": "https://registry.npmjs.org/wordwrap/-/wordwrap-0.0.3.tgz",
      "integrity": "sha1-o9XabNXAvAAI03I0u68b7WMFkQc=",
      "dev": true
    },
    "wrappy": {
      "version": "1.0.2",
      "resolved": "https://registry.npmjs.org/wrappy/-/wrappy-1.0.2.tgz",
      "integrity": "sha1-tSQ9jz7BqjXxNkYFvA0QNuMKtp8=",
      "dev": true
    }
  }
}
